
Microsoft Visual Studio Solution File, Format Version 12.00
# Visual Studio Version 17
VisualStudioVersion = 17.2.32616.157
MinimumVisualStudioVersion = 10.0.40219.1
Project("{FAE04EC0-301F-11D3-BF4B-00C04F79EFBC}") = "ConsoleApp2", "ConsoleApp2\ConsoleApp2.csproj", "{A214BDBA-27BD-456B-A909-A68276569EEB}"
EndProject
Global
	GlobalSection(SolutionConfigurationPlatforms) = preSolution
		Debug|Any CPU = Debug|Any CPU
		Release|Any CPU = Release|Any CPU
	EndGlobalSection
	GlobalSection(ProjectConfigurationPlatforms) = postSolution
		{A214BDBA-27BD-456B-A909-A68276569EEB}.Debug|Any CPU.ActiveCfg = Debug|Any CPU
		{A214BDBA-27BD-456B-A909-A68276569EEB}.Debug|Any CPU.Build.0 = Debug|Any CPU
		{A214BDBA-27BD-456B-A909-A68276569EEB}.Release|Any CPU.ActiveCfg = Release|Any CPU
		{A214BDBA-27BD-456B-A909-A68276569EEB}.Release|Any CPU.Build.0 = Release|Any CPU
	EndGlobalSection
	GlobalSection(SolutionProperties) = preSolution
		HideSolutionNode = FALSE
	EndGlobalSection
	GlobalSection(ExtensibilityGlobals) = postSolution
		SolutionGuid = {8F0611FE-4D0C-4A92-AC8B-EA2FA91E7866}
	EndGlobalSection
EndGlobal
