
Microsoft Visual Studio Solution File, Format Version 12.00
# Visual Studio Version 17
VisualStudioVersion = 17.1.32421.90
MinimumVisualStudioVersion = 10.0.40219.1
Project("{FAE04EC0-301F-11D3-BF4B-00C04F79EFBC}") = "EJ45", "EJ45\EJ45.csproj", "{DF258EB3-5E4C-404F-A09E-43EA6423AD25}"
EndProject
Global
	GlobalSection(SolutionConfigurationPlatforms) = preSolution
		Debug|Any CPU = Debug|Any CPU
		Release|Any CPU = Release|Any CPU
	EndGlobalSection
	GlobalSection(ProjectConfigurationPlatforms) = postSolution
		{DF258EB3-5E4C-404F-A09E-43EA6423AD25}.Debug|Any CPU.ActiveCfg = Debug|Any CPU
		{DF258EB3-5E4C-404F-A09E-43EA6423AD25}.Debug|Any CPU.Build.0 = Debug|Any CPU
		{DF258EB3-5E4C-404F-A09E-43EA6423AD25}.Release|Any CPU.ActiveCfg = Release|Any CPU
		{DF258EB3-5E4C-404F-A09E-43EA6423AD25}.Release|Any CPU.Build.0 = Release|Any CPU
	EndGlobalSection
	GlobalSection(SolutionProperties) = preSolution
		HideSolutionNode = FALSE
	EndGlobalSection
	GlobalSection(ExtensibilityGlobals) = postSolution
		SolutionGuid = {CD9D0990-D800-43D7-8175-C04105893D0A}
	EndGlobalSection
EndGlobal
