
Microsoft Visual Studio Solution File, Format Version 12.00
# Visual Studio Version 17
VisualStudioVersion = 17.1.32421.90
MinimumVisualStudioVersion = 10.0.40219.1
Project("{FAE04EC0-301F-11D3-BF4B-00C04F79EFBC}") = "funcion", "funcion\funcion.csproj", "{890DA01A-63BE-42A7-A1F8-2A9AA382366E}"
EndProject
Global
	GlobalSection(SolutionConfigurationPlatforms) = preSolution
		Debug|Any CPU = Debug|Any CPU
		Release|Any CPU = Release|Any CPU
	EndGlobalSection
	GlobalSection(ProjectConfigurationPlatforms) = postSolution
		{890DA01A-63BE-42A7-A1F8-2A9AA382366E}.Debug|Any CPU.ActiveCfg = Debug|Any CPU
		{890DA01A-63BE-42A7-A1F8-2A9AA382366E}.Debug|Any CPU.Build.0 = Debug|Any CPU
		{890DA01A-63BE-42A7-A1F8-2A9AA382366E}.Release|Any CPU.ActiveCfg = Release|Any CPU
		{890DA01A-63BE-42A7-A1F8-2A9AA382366E}.Release|Any CPU.Build.0 = Release|Any CPU
	EndGlobalSection
	GlobalSection(SolutionProperties) = preSolution
		HideSolutionNode = FALSE
	EndGlobalSection
	GlobalSection(ExtensibilityGlobals) = postSolution
		SolutionGuid = {8E1F3BCC-5DA4-4DEC-9381-7A8C21B80B13}
	EndGlobalSection
EndGlobal
