
Microsoft Visual Studio Solution File, Format Version 12.00
# Visual Studio Version 17
VisualStudioVersion = 17.1.32421.90
MinimumVisualStudioVersion = 10.0.40219.1
Project("{FAE04EC0-301F-11D3-BF4B-00C04F79EFBC}") = "TP_EJ02", "TP_EJ02\TP_EJ02.csproj", "{4C9CB1C2-78E6-4E95-967D-FCCF19ADE861}"
EndProject
Global
	GlobalSection(SolutionConfigurationPlatforms) = preSolution
		Debug|Any CPU = Debug|Any CPU
		Release|Any CPU = Release|Any CPU
	EndGlobalSection
	GlobalSection(ProjectConfigurationPlatforms) = postSolution
		{4C9CB1C2-78E6-4E95-967D-FCCF19ADE861}.Debug|Any CPU.ActiveCfg = Debug|Any CPU
		{4C9CB1C2-78E6-4E95-967D-FCCF19ADE861}.Debug|Any CPU.Build.0 = Debug|Any CPU
		{4C9CB1C2-78E6-4E95-967D-FCCF19ADE861}.Release|Any CPU.ActiveCfg = Release|Any CPU
		{4C9CB1C2-78E6-4E95-967D-FCCF19ADE861}.Release|Any CPU.Build.0 = Release|Any CPU
	EndGlobalSection
	GlobalSection(SolutionProperties) = preSolution
		HideSolutionNode = FALSE
	EndGlobalSection
	GlobalSection(ExtensibilityGlobals) = postSolution
		SolutionGuid = {5A9CD746-0568-4622-BEBF-06E649E866FB}
	EndGlobalSection
EndGlobal
