
Microsoft Visual Studio Solution File, Format Version 12.00
# Visual Studio Version 17
VisualStudioVersion = 17.1.32421.90
MinimumVisualStudioVersion = 10.0.40219.1
Project("{FAE04EC0-301F-11D3-BF4B-00C04F79EFBC}") = "EJ44", "EJ44\EJ44.csproj", "{59EA0674-76FA-441C-9C34-645D4A2E13B7}"
EndProject
Global
	GlobalSection(SolutionConfigurationPlatforms) = preSolution
		Debug|Any CPU = Debug|Any CPU
		Release|Any CPU = Release|Any CPU
	EndGlobalSection
	GlobalSection(ProjectConfigurationPlatforms) = postSolution
		{59EA0674-76FA-441C-9C34-645D4A2E13B7}.Debug|Any CPU.ActiveCfg = Debug|Any CPU
		{59EA0674-76FA-441C-9C34-645D4A2E13B7}.Debug|Any CPU.Build.0 = Debug|Any CPU
		{59EA0674-76FA-441C-9C34-645D4A2E13B7}.Release|Any CPU.ActiveCfg = Release|Any CPU
		{59EA0674-76FA-441C-9C34-645D4A2E13B7}.Release|Any CPU.Build.0 = Release|Any CPU
	EndGlobalSection
	GlobalSection(SolutionProperties) = preSolution
		HideSolutionNode = FALSE
	EndGlobalSection
	GlobalSection(ExtensibilityGlobals) = postSolution
		SolutionGuid = {151E8522-2E01-4F40-9162-5CAC1890F177}
	EndGlobalSection
EndGlobal
