
Microsoft Visual Studio Solution File, Format Version 12.00
# Visual Studio Version 17
VisualStudioVersion = 17.2.32616.157
MinimumVisualStudioVersion = 10.0.40219.1
Project("{FAE04EC0-301F-11D3-BF4B-00C04F79EFBC}") = "Taller 8", "Taller 8\Taller 8.csproj", "{8C9ED725-9883-4F06-BFD9-AD328F807842}"
EndProject
Global
	GlobalSection(SolutionConfigurationPlatforms) = preSolution
		Debug|Any CPU = Debug|Any CPU
		Release|Any CPU = Release|Any CPU
	EndGlobalSection
	GlobalSection(ProjectConfigurationPlatforms) = postSolution
		{8C9ED725-9883-4F06-BFD9-AD328F807842}.Debug|Any CPU.ActiveCfg = Debug|Any CPU
		{8C9ED725-9883-4F06-BFD9-AD328F807842}.Debug|Any CPU.Build.0 = Debug|Any CPU
		{8C9ED725-9883-4F06-BFD9-AD328F807842}.Release|Any CPU.ActiveCfg = Release|Any CPU
		{8C9ED725-9883-4F06-BFD9-AD328F807842}.Release|Any CPU.Build.0 = Release|Any CPU
	EndGlobalSection
	GlobalSection(SolutionProperties) = preSolution
		HideSolutionNode = FALSE
	EndGlobalSection
	GlobalSection(ExtensibilityGlobals) = postSolution
		SolutionGuid = {7394F1F0-CDA7-41C1-8F38-521B7A7B9F17}
	EndGlobalSection
EndGlobal
