
Microsoft Visual Studio Solution File, Format Version 12.00
# Visual Studio Version 17
VisualStudioVersion = 17.1.32421.90
MinimumVisualStudioVersion = 10.0.40219.1
Project("{FAE04EC0-301F-11D3-BF4B-00C04F79EFBC}") = "ConsoleApp1", "ConsoleApp1\ConsoleApp1.csproj", "{7E257927-379C-4160-80B6-E70407A8A511}"
EndProject
Global
	GlobalSection(SolutionConfigurationPlatforms) = preSolution
		Debug|Any CPU = Debug|Any CPU
		Release|Any CPU = Release|Any CPU
	EndGlobalSection
	GlobalSection(ProjectConfigurationPlatforms) = postSolution
		{7E257927-379C-4160-80B6-E70407A8A511}.Debug|Any CPU.ActiveCfg = Debug|Any CPU
		{7E257927-379C-4160-80B6-E70407A8A511}.Debug|Any CPU.Build.0 = Debug|Any CPU
		{7E257927-379C-4160-80B6-E70407A8A511}.Release|Any CPU.ActiveCfg = Release|Any CPU
		{7E257927-379C-4160-80B6-E70407A8A511}.Release|Any CPU.Build.0 = Release|Any CPU
	EndGlobalSection
	GlobalSection(SolutionProperties) = preSolution
		HideSolutionNode = FALSE
	EndGlobalSection
	GlobalSection(ExtensibilityGlobals) = postSolution
		SolutionGuid = {6F37AED5-B0D5-449F-9698-CAC87EB9CAED}
	EndGlobalSection
EndGlobal
